// !$*UTF8*$!
{
	archiveVersion = 1;
	classes = {
	};
	objectVersion = 50;
	objects = {

/* Begin PBXBuildFile section */
		D73C5A5C232694D600D287F8 /* AppDelegate.swift in Sources */ = {isa = PBXBuildFile; fileRef = D73C5A5B232694D600D287F8 /* AppDelegate.swift */; };
		D73C5A5E232694D600D287F8 /* ViewController.swift in Sources */ = {isa = PBXBuildFile; fileRef = D73C5A5D232694D600D287F8 /* ViewController.swift */; };
		D73C5A61232694D600D287F8 /* Main.storyboard in Resources */ = {isa = PBXBuildFile; fileRef = D73C5A5F232694D600D287F8 /* Main.storyboard */; };
		D73C5A63232694D700D287F8 /* Assets.xcassets in Resources */ = {isa = PBXBuildFile; fileRef = D73C5A62232694D700D287F8 /* Assets.xcassets */; };
		D73C5A66232694D700D287F8 /* LaunchScreen.storyboard in Resources */ = {isa = PBXBuildFile; fileRef = D73C5A64232694D700D287F8 /* LaunchScreen.storyboard */; };
/* End PBXBuildFile section */

/* Begin PBXFileReference section */
		D73C5A58232694D600D287F8 /* p02_irwin.app */ = {isa = PBXFileReference; explicitFileType = wrapper.application; includeInIndex = 0; path = p02_irwin.app; sourceTree = BUILT_PRODUCTS_DIR; };
		D73C5A5B232694D600D287F8 /* AppDelegate.swift */ = {isa = PBXFileReference; lastKnownFileType = sourcecode.swift; path = AppDelegate.swift; sourceTree = "<group>"; };
		D73C5A5D232694D600D287F8 /* ViewController.swift */ = {isa = PBXFileReference; lastKnownFileType = sourcecode.swift; path = ViewController.swift; sourceTree = "<group>"; };
		D73C5A60232694D600D287F8 /* Base */ = {isa = PBXFileReference; lastKnownFileType = file.storyboard; name = Base; path = Base.lproj/Main.storyboard; sourceTree = "<group>"; };
		D73C5A62232694D700D287F8 /* Assets.xcassets */ = {isa = PBXFileReference; lastKnownFileType = folder.assetcatalog; path = Assets.xcassets; sourceTree = "<group>"; };
		D73C5A65232694D700D287F8 /* Base */ = {isa = PBXFileReference; lastKnownFileType = file.storyboard; name = Base; path = Base.lproj/LaunchScreen.storyboard; sourceTree = "<group>"; };
		D73C5A67232694D700D287F8 /* Info.plist */ = {isa = PBXFileReference; lastKnownFileType = text.plist.xml; path = Info.plist; sourceTree = "<group>"; };
/* End PBXFileReference section */

/* Begin PBXFrameworksBuildPhase section */
		D73C5A55232694D600D287F8 /* Frameworks */ = {
			isa = PBXFrameworksBuildPhase;
			buildActionMask = 2147483647;
			files = (
			);
			runOnlyForDeploymentPostprocessing = 0;
		};
/* End PBXFrameworksBuildPhase section */

/* Begin PBXGroup section */
		D73C5A4F232694D600D287F8 = {
			isa = PBXGroup;
			children = (
				D73C5A5A232694D600D287F8 /* p02_irwin */,
				D73C5A59232694D600D287F8 /* Products */,
			);
			sourceTree = "<group>";
		};
		D73C5A59232694D600D287F8 /* Products */ = {
			isa = PBXGroup;
			children = (
				D73C5A58232694D600D287F8 /* p02_irwin.app */,
			);
			name = Products;
			sourceTree = "<group>";
		};
		D73C5A5A232694D600D287F8 /* p02_irwin */ = {
			isa = PBXGroup;
			children = (
				D73C5A5B232694D600D287F8 /* AppDelegate.swift */,
				D73C5A5D232694D600D287F8 /* ViewController.swift */,
				D73C5A5F232694D600D287F8 /* Main.storyboard */,
				D73C5A62232694D700D287F8 /* Assets.xcassets */,
				D73C5A64232694D700D287F8 /* LaunchScreen.storyboard */,
				D73C5A67232694D700D287F8 /* Info.plist */,
			);
			path = p02_irwin;
			sourceTree = "<group>";
		};
/* End PBXGroup section */

/* Begin PBXNativeTarget section */
		D73C5A57232694D600D287F8 /* p02_irwin */ = {
			isa = PBXNativeTarget;
			buildConfigurationList = D73C5A6A232694D700D287F8 /* Build configuration list for PBXNativeTarget "p02_irwin" */;
			buildPhases = (
				D73C5A54232694D600D287F8 /* Sources */,
				D73C5A55232694D600D287F8 /* Frameworks */,
				D73C5A56232694D600D287F8 /* Resources */,
			);
			buildRules = (
			);
			dependencies = (
			);
			name = p02_irwin;
			productName = p02_irwin;
			productReference = D73C5A58232694D600D287F8 /* p02_irwin.app */;
			productType = "com.apple.product-type.application";
		};
/* End PBXNativeTarget section */

/* Begin PBXProject section */
		D73C5A50232694D600D287F8 /* Project object */ = {
			isa = PBXProject;
			attributes = {
				LastSwiftUpdateCheck = 1030;
				LastUpgradeCheck = 1030;
				ORGANIZATIONNAME = "Dylan Irwin";
				TargetAttributes = {
					D73C5A57232694D600D287F8 = {
						CreatedOnToolsVersion = 10.3;
					};
				};
			};
			buildConfigurationList = D73C5A53232694D600D287F8 /* Build configuration list for PBXProject "p02_irwin" */;
			compatibilityVersion = "Xcode 9.3";
			developmentRegion = en;
			hasScannedForEncodings = 0;
			knownRegions = (
				en,
				Base,
			);
			mainGroup = D73C5A4F232694D600D287F8;
			productRefGroup = D73C5A59232694D600D287F8 /* Products */;
			projectDirPath = "";
			projectRoot = "";
			targets = (
				D73C5A57232694D600D287F8 /* p02_irwin */,
			);
		};
/* End PBXProject section */

/* Begin PBXResourcesBuildPhase section */
		D73C5A56232694D600D287F8 /* Resources */ = {
			isa = PBXResourcesBuildPhase;
			buildActionMask = 2147483647;
			files = (
				D73C5A66232694D700D287F8 /* LaunchScreen.storyboard in Resources */,
				D73C5A63232694D700D287F8 /* Assets.xcassets in Resources */,
				D73C5A61232694D600D287F8 /* Main.storyboard in Resources */,
			);
			runOnlyForDeploymentPostprocessing = 0;
		};
/* End PBXResourcesBuildPhase section */

/* Begin PBXSourcesBuildPhase section */
		D73C5A54232694D600D287F8 /* Sources */ = {
			isa = PBXSourcesBuildPhase;
			buildActionMask = 2147483647;
			files = (
				D73C5A5E232694D600D287F8 /* ViewController.swift in Sources */,
				D73C5A5C232694D600D287F8 /* AppDelegate.swift in Sources */,
			);
			runOnlyForDeploymentPostprocessing = 0;
		};
/* End PBXSourcesBuildPhase section */

/* Begin PBXVariantGroup section */
		D73C5A5F232694D600D287F8 /* Main.storyboard */ = {
			isa = PBXVariantGroup;
			children = (
				D73C5A60232694D600D287F8 /* Base */,
			);
			name = Main.storyboard;
			sourceTree = "<group>";
		};
		D73C5A64232694D700D287F8 /* LaunchScreen.storyboard */ = {
			isa = PBXVariantGroup;
			children = (
				D73C5A65232694D700D287F8 /* Base */,
			);
			name = LaunchScreen.storyboard;
			sourceTree = "<group>";
		};
/* End PBXVariantGroup section */

/* Begin XCBuildConfiguration section */
		D73C5A68232694D700D287F8 /* Debug */ = {
			isa = XCBuildConfiguration;
			buildSettings = {
				ALWAYS_SEARCH_USER_PATHS = NO;
				CLANG_ANALYZER_NONNULL = YES;
				CLANG_ANALYZER_NUMBER_OBJECT_CONVERSION = YES_AGGRESSIVE;
				CLANG_CXX_LANGUAGE_STANDARD = "gnu++14";
				CLANG_CXX_LIBRARY = "libc++";
				CLANG_ENABLE_MODULES = YES;
				CLANG_ENABLE_OBJC_ARC = YES;
				CLANG_ENABLE_OBJC_WEAK = YES;
				CLANG_WARN_BLOCK_CAPTURE_AUTORELEASING = YES;
				CLANG_WARN_BOOL_CONVERSION = YES;
				CLANG_WARN_COMMA = YES;
				CLANG_WARN_CONSTANT_CONVERSION = YES;
				CLANG_WARN_DEPRECATED_OBJC_IMPLEMENTATIONS = YES;
				CLANG_WARN_DIRECT_OBJC_ISA_USAGE = YES_ERROR;
				CLANG_WARN_DOCUMENTATION_COMMENTS = YES;
				CLANG_WARN_EMPTY_BODY = YES;
				CLANG_WARN_ENUM_CONVERSION = YES;
				CLANG_WARN_INFINITE_RECURSION = YES;
				CLANG_WARN_INT_CONVERSION = YES;
				CLANG_WARN_NON_LITERAL_NULL_CONVERSION = YES;
				CLANG_WARN_OBJC_IMPLICIT_RETAIN_SELF = YES;
				CLANG_WARN_OBJC_LITERAL_CONVERSION = YES;
				CLANG_WARN_OBJC_ROOT_CLASS = YES_ERROR;
				CLANG_WARN_RANGE_LOOP_ANALYSIS = YES;
				CLANG_WARN_STRICT_PROTOTYPES = YES;
				CLANG_WARN_SUSPICIOUS_MOVE = YES;
				CLANG_WARN_UNGUARDED_AVAILABILITY = YES_AGGRESSIVE;
				CLANG_WARN_UNREACHABLE_CODE = YES;
				CLANG_WARN__DUPLICATE_METHOD_MATCH = YES;
				CODE_SIGN_IDENTITY = "iPhone Developer";
				COPY_PHASE_STRIP = NO;
				DEBUG_INFORMATION_FORMAT = dwarf;
				ENABLE_STRICT_OBJC_MSGSEND = YES;
				ENABLE_TESTABILITY = YES;
				GCC_C_LANGUAGE_STANDARD = gnu11;
				GCC_DYNAMIC_NO_PIC = NO;
				GCC_NO_COMMON_BLOCKS = YES;
				GCC_OPTIMIZATION_LEVEL = 0;
				GCC_PREPROCESSOR_DEFINITIONS = (
					"DEBUG=1",
					"$(inherited)",
				);
				GCC_WARN_64_TO_32_BIT_CONVERSION = YES;
				GCC_WARN_ABOUT_RETURN_TYPE = YES_ERROR;
				GCC_WARN_UNDECLARED_SELECTOR = YES;
				GCC_WARN_UNINITIALIZED_AUTOS = YES_AGGRESSIVE;
				GCC_WARN_UNUSED_FUNCTION = YES;
				GCC_WARN_UNUSED_VARIABLE = YES;
				IPHONEOS_DEPLOYMENT_TARGET = 12.4;
				MTL_ENABLE_DEBUG_INFO = INCLUDE_SOURCE;
				MTL_FAST_MATH = YES;
				ONLY_ACTIVE_ARCH = YES;
				SDKROOT = iphoneos;
				SWIFT_ACTIVE_COMPILATION_CONDITIONS = DEBUG;
				SWIFT_OPTIMIZATION_LEVEL = "-Onone";
			};
			name = Debug;
		};
		D73C5A69232694D700D287F8 /* Release */ = {
			isa = XCBuildConfiguration;
			buildSettings = {
				ALWAYS_SEARCH_USER_PATHS = NO;
				CLANG_ANALYZER_NONNULL = YES;
				CLANG_ANALYZER_NUMBER_OBJECT_CONVERSION = YES_AGGRESSIVE;
				CLANG_CXX_LANGUAGE_STANDARD = "gnu++14";
				CLANG_CXX_LIBRARY = "libc++";
				CLANG_ENABLE_MODULES = YES;
				CLANG_ENABLE_OBJC_ARC = YES;
				CLANG_ENABLE_OBJC_WEAK = YES;
				CLANG_WARN_BLOCK_CAPTURE_AUTORELEASING = YES;
				CLANG_WARN_BOOL_CONVERSION = YES;
				CLANG_WARN_COMMA = YES;
				CLANG_WARN_CONSTANT_CONVERSION = YES;
				CLANG_WARN_DEPRECATED_OBJC_IMPLEMENTATIONS = YES;
				CLANG_WARN_DIRECT_OBJC_ISA_USAGE = YES_ERROR;
				CLANG_WARN_DOCUMENTATION_COMMENTS = YES;
				CLANG_WARN_EMPTY_BODY = YES;
				CLANG_WARN_ENUM_CONVERSION = YES;
				CLANG_WARN_INFINITE_RECURSION = YES;
				CLANG_WARN_INT_CONVERSION = YES;
				CLANG_WARN_NON_LITERAL_NULL_CONVERSION = YES;
				CLANG_WARN_OBJC_IMPLICIT_RETAIN_SELF = YES;
				CLANG_WARN_OBJC_LITERAL_CONVERSION = YES;
				CLANG_WARN_OBJC_ROOT_CLASS = YES_ERROR;
				CLANG_WARN_RANGE_LOOP_ANALYSIS = YES;
				CLANG_WARN_STRICT_PROTOTYPES = YES;
				CLANG_WARN_SUSPICIOUS_MOVE = YES;
				CLANG_WARN_UNGUARDED_AVAILABILITY = YES_AGGRESSIVE;
				CLANG_WARN_UNREACHABLE_CODE = YES;
				CLANG_WARN__DUPLICATE_METHOD_MATCH = YES;
				CODE_SIGN_IDENTITY = "iPhone Developer";
				COPY_PHASE_STRIP = NO;
				DEBUG_INFORMATION_FORMAT = "dwarf-with-dsym";
				ENABLE_NS_ASSERTIONS = NO;
				ENABLE_STRICT_OBJC_MSGSEND = YES;
				GCC_C_LANGUAGE_STANDARD = gnu11;
				GCC_NO_COMMON_BLOCKS = YES;
				GCC_WARN_64_TO_32_BIT_CONVERSION = YES;
				GCC_WARN_ABOUT_RETURN_TYPE = YES_ERROR;
				GCC_WARN_UNDECLARED_SELECTOR = YES;
				GCC_WARN_UNINITIALIZED_AUTOS = YES_AGGRESSIVE;
				GCC_WARN_UNUSED_FUNCTION = YES;
				GCC_WARN_UNUSED_VARIABLE = YES;
				IPHONEOS_DEPLOYMENT_TARGET = 12.4;
				MTL_ENABLE_DEBUG_INFO = NO;
				MTL_FAST_MATH = YES;
				SDKROOT = iphoneos;
				SWIFT_COMPILATION_MODE = wholemodule;
				SWIFT_OPTIMIZATION_LEVEL = "-O";
				VALIDATE_PRODUCT = YES;
			};
			name = Release;
		};
		D73C5A6B232694D700D287F8 /* Debug */ = {
			isa = XCBuildConfiguration;
			buildSettings = {
				ASSETCATALOG_COMPILER_APPICON_NAME = AppIcon;
				CODE_SIGN_STYLE = Automatic;
				DEVELOPMENT_TEAM = J8CH8K2H67;
				INFOPLIST_FILE = p02_irwin/Info.plist;
				LD_RUNPATH_SEARCH_PATHS = (
					"$(inherited)",
					"@executable_path/Frameworks",
				);
				PRODUCT_BUNDLE_IDENTIFIER = "com.DylanIrwin.p02-irwin";
				PRODUCT_NAME = "$(TARGET_NAME)";
				SWIFT_VERSION = 5.0;
				TARGETED_DEVICE_FAMILY = "1,2";
			};
			name = Debug;
		};
		D73C5A6C232694D700D287F8 /* Release */ = {
			isa = XCBuildConfiguration;
			buildSettings = {
				ASSETCATALOG_COMPILER_APPICON_NAME = AppIcon;
				CODE_SIGN_STYLE = Automatic;
				DEVELOPMENT_TEAM = J8CH8K2H67;
				INFOPLIST_FILE = p02_irwin/Info.plist;
				LD_RUNPATH_SEARCH_PATHS = (
					"$(inherited)",
					"@executable_path/Frameworks",
				);
				PRODUCT_BUNDLE_IDENTIFIER = "com.DylanIrwin.p02-irwin";
				PRODUCT_NAME = "$(TARGET_NAME)";
				SWIFT_VERSION = 5.0;
				TARGETED_DEVICE_FAMILY = "1,2";
			};
			name = Release;
		};
/* End XCBuildConfiguration section */

/* Begin XCConfigurationList section */
		D73C5A53232694D600D287F8 /* Build configuration list for PBXProject "p02_irwin" */ = {
			isa = XCConfigurationList;
			buildConfigurations = (
				D73C5A68232694D700D287F8 /* Debug */,
				D73C5A69232694D700D287F8 /* Release */,
			);
			defaultConfigurationIsVisible = 0;
			defaultConfigurationName = Release;
		};
		D73C5A6A232694D700D287F8 /* Build configuration list for PBXNativeTarget "p02_irwin" */ = {
			isa = XCConfigurationList;
			buildConfigurations = (
				D73C5A6B232694D700D287F8 /* Debug */,
				D73C5A6C232694D700D287F8 /* Release */,
			);
			defaultConfigurationIsVisible = 0;
			defaultConfigurationName = Release;
		};
/* End XCConfigurationList section */
	};
	rootObject = D73C5A50232694D600D287F8 /* Project object */;
}
